
Microsoft Visual Studio Solution File, Format Version 12.00
# Visual Studio Version 17
VisualStudioVersion = 17.2.32616.157
MinimumVisualStudioVersion = 10.0.40219.1
Project("{FAE04EC0-301F-11D3-BF4B-00C04F79EFBC}") = "CyberArk.Extensions.ServiceNow", "CyberArk.Extensions.ServiceNow.csproj", "{366F7249-CFB9-42E2-84E0-61586F79B960}"
EndProject
Global
	GlobalSection(SolutionConfigurationPlatforms) = preSolution
		Debug|Any CPU = Debug|Any CPU
		Release|Any CPU = Release|Any CPU
	EndGlobalSection
	GlobalSection(ProjectConfigurationPlatforms) = postSolution
		{366F7249-CFB9-42E2-84E0-61586F79B960}.Debug|Any CPU.ActiveCfg = Debug|Any CPU
		{366F7249-CFB9-42E2-84E0-61586F79B960}.Debug|Any CPU.Build.0 = Debug|Any CPU
		{366F7249-CFB9-42E2-84E0-61586F79B960}.Release|Any CPU.ActiveCfg = Release|Any CPU
		{366F7249-CFB9-42E2-84E0-61586F79B960}.Release|Any CPU.Build.0 = Release|Any CPU
	EndGlobalSection
	GlobalSection(SolutionProperties) = preSolution
		HideSolutionNode = FALSE
	EndGlobalSection
	GlobalSection(ExtensibilityGlobals) = postSolution
		SolutionGuid = {D16EA828-9411-4513-9047-95DB7479D045}
	EndGlobalSection
EndGlobal
